
Microsoft Visual Studio Solution File, Format Version 12.00
# Visual Studio Version 17
VisualStudioVersion = 17.0.32014.148
MinimumVisualStudioVersion = 10.0.40219.1
Project("{FAE04EC0-301F-11D3-BF4B-00C04F79EFBC}") = "CharStringInMethods", "CharStringInMethods\CharStringInMethods.csproj", "{F9B2C81E-87C0-4C0A-A5C4-4903A22452CC}"
EndProject
Global
	GlobalSection(SolutionConfigurationPlatforms) = preSolution
		Debug|Any CPU = Debug|Any CPU
		Release|Any CPU = Release|Any CPU
	EndGlobalSection
	GlobalSection(ProjectConfigurationPlatforms) = postSolution
		{F9B2C81E-87C0-4C0A-A5C4-4903A22452CC}.Debug|Any CPU.ActiveCfg = Debug|Any CPU
		{F9B2C81E-87C0-4C0A-A5C4-4903A22452CC}.Debug|Any CPU.Build.0 = Debug|Any CPU
		{F9B2C81E-87C0-4C0A-A5C4-4903A22452CC}.Release|Any CPU.ActiveCfg = Release|Any CPU
		{F9B2C81E-87C0-4C0A-A5C4-4903A22452CC}.Release|Any CPU.Build.0 = Release|Any CPU
	EndGlobalSection
	GlobalSection(SolutionProperties) = preSolution
		HideSolutionNode = FALSE
	EndGlobalSection
	GlobalSection(ExtensibilityGlobals) = postSolution
		SolutionGuid = {69724851-6488-47B1-88AE-2E6F33806312}
	EndGlobalSection
EndGlobal
