
Microsoft Visual Studio Solution File, Format Version 12.00
# Visual Studio Version 17
VisualStudioVersion = 17.0.32014.148
MinimumVisualStudioVersion = 10.0.40219.1
Project("{9A19103F-16F7-4668-BE54-9A1E7A4F7556}") = "CharStringInMethods", "CharStringInMethods\CharStringInMethods.csproj", "{F9B2C81E-87C0-4C0A-A5C4-4903A22452CC}"
EndProject
Project("{9A19103F-16F7-4668-BE54-9A1E7A4F7556}") = "CharStringInMethods_WithRestrictionInOneSymbol", "CharStringInMethods_WithRestrictionInOneSymbol\CharStringInMethods_WithRestrictionInOneSymbol.csproj", "{0BA4955E-E0E9-4458-84CE-1B300F7D396C}"
EndProject
Project("{9A19103F-16F7-4668-BE54-9A1E7A4F7556}") = "FindingIndex", "FindingIndex\FindingIndex.csproj", "{D7B53922-113B-4ED8-BA74-5FC4154235E4}"
EndProject
Project("{FAE04EC0-301F-11D3-BF4B-00C04F79EFBC}") = "ChangingSizeInArray", "ChangingSizeInArray\ChangingSizeInArray.csproj", "{15578CD5-C6F8-48F1-9D3A-39C28A000E2C}"
EndProject
Global
	GlobalSection(SolutionConfigurationPlatforms) = preSolution
		Debug|Any CPU = Debug|Any CPU
		Release|Any CPU = Release|Any CPU
	EndGlobalSection
	GlobalSection(ProjectConfigurationPlatforms) = postSolution
		{F9B2C81E-87C0-4C0A-A5C4-4903A22452CC}.Debug|Any CPU.ActiveCfg = Debug|Any CPU
		{F9B2C81E-87C0-4C0A-A5C4-4903A22452CC}.Debug|Any CPU.Build.0 = Debug|Any CPU
		{F9B2C81E-87C0-4C0A-A5C4-4903A22452CC}.Release|Any CPU.ActiveCfg = Release|Any CPU
		{F9B2C81E-87C0-4C0A-A5C4-4903A22452CC}.Release|Any CPU.Build.0 = Release|Any CPU
		{0BA4955E-E0E9-4458-84CE-1B300F7D396C}.Debug|Any CPU.ActiveCfg = Debug|Any CPU
		{0BA4955E-E0E9-4458-84CE-1B300F7D396C}.Debug|Any CPU.Build.0 = Debug|Any CPU
		{0BA4955E-E0E9-4458-84CE-1B300F7D396C}.Release|Any CPU.ActiveCfg = Release|Any CPU
		{0BA4955E-E0E9-4458-84CE-1B300F7D396C}.Release|Any CPU.Build.0 = Release|Any CPU
		{D7B53922-113B-4ED8-BA74-5FC4154235E4}.Debug|Any CPU.ActiveCfg = Debug|Any CPU
		{D7B53922-113B-4ED8-BA74-5FC4154235E4}.Debug|Any CPU.Build.0 = Debug|Any CPU
		{D7B53922-113B-4ED8-BA74-5FC4154235E4}.Release|Any CPU.ActiveCfg = Release|Any CPU
		{D7B53922-113B-4ED8-BA74-5FC4154235E4}.Release|Any CPU.Build.0 = Release|Any CPU
		{15578CD5-C6F8-48F1-9D3A-39C28A000E2C}.Debug|Any CPU.ActiveCfg = Debug|Any CPU
		{15578CD5-C6F8-48F1-9D3A-39C28A000E2C}.Debug|Any CPU.Build.0 = Debug|Any CPU
		{15578CD5-C6F8-48F1-9D3A-39C28A000E2C}.Release|Any CPU.ActiveCfg = Release|Any CPU
		{15578CD5-C6F8-48F1-9D3A-39C28A000E2C}.Release|Any CPU.Build.0 = Release|Any CPU
	EndGlobalSection
	GlobalSection(SolutionProperties) = preSolution
		HideSolutionNode = FALSE
	EndGlobalSection
	GlobalSection(ExtensibilityGlobals) = postSolution
		SolutionGuid = {69724851-6488-47B1-88AE-2E6F33806312}
	EndGlobalSection
EndGlobal
